PODS:
  - RxCocoa (5.0.1):
    - RxRelay (~> 5)
    - RxSwift (~> 5)
  - RxRelay (5.0.1):
    - RxSwift (~> 5)
  - RxSwift (5.0.1)
  - RxSwiftUtilities (2.1.0):
    - RxCocoa (~> 5.0)
    - RxSwift (~> 5.0)

DEPENDENCIES:
  - RxCocoa (~> 5.0.0)
  - RxSwift (~> 5.0.0)
  - RxSwiftUtilities (from `https://github.com/RxSwiftCommunity/RxSwiftUtilities.git`)

SPEC REPOS:
  trunk:
    - RxCocoa
    - RxRelay
    - RxSwift

EXTERNAL SOURCES:
  RxSwiftUtilities:
    :git: https://github.com/RxSwiftCommunity/RxSwiftUtilities.git

CHECKOUT OPTIONS:
  RxSwiftUtilities:
    :commit: a3e91fb9ea003c42325975f4d05d9df3d3b196d0
    :git: https://github.com/RxSwiftCommunity/RxSwiftUtilities.git

SPEC CHECKSUMS:
  RxCocoa: e741b9749968e8a143e2b787f1dfbff2b63d0a5c
  RxRelay: 89d54507f4fd4d969e6ec1d4bd7f3673640b4640
  RxSwift: e2dc62b366a3adf6a0be44ba9f405efd4c94e0c4
  RxSwiftUtilities: dc208a9567b5b8da972056055de8f0446f9aa2d6

PODFILE CHECKSUM: df6dcf71054d0584d104bad6001061317c262efd

COCOAPODS: 1.8.4
